// !$*UTF8*$!
{
	archiveVersion = 1;
	classes = {
	};
	objectVersion = 50;
	objects = {

/* Begin PBXBuildFile section */
		70EC6A55258929C300B87060 /* AppDelegate.swift in Sources */ = {isa = PBXBuildFile; fileRef = 70EC6A54258929C300B87060 /* AppDelegate.swift */; };
		70EC6A57258929C300B87060 /* ViewController.swift in Sources */ = {isa = PBXBuildFile; fileRef = 70EC6A56258929C300B87060 /* ViewController.swift */; };
		70EC6A5A258929C300B87060 /* Main.storyboard in Resources */ = {isa = PBXBuildFile; fileRef = 70EC6A58258929C300B87060 /* Main.storyboard */; };
		70EC6A5C258929C400B87060 /* Assets.xcassets in Resources */ = {isa = PBXBuildFile; fileRef = 70EC6A5B258929C400B87060 /* Assets.xcassets */; };
		70EC6A5F258929C400B87060 /* LaunchScreen.storyboard in Resources */ = {isa = PBXBuildFile; fileRef = 70EC6A5D258929C400B87060 /* LaunchScreen.storyboard */; };
		70EC6A6A258929C400B87060 /* tippyTests.swift in Sources */ = {isa = PBXBuildFile; fileRef = 70EC6A69258929C400B87060 /* tippyTests.swift */; };
		70EC6A75258929C400B87060 /* tippyUITests.swift in Sources */ = {isa = PBXBuildFile; fileRef = 70EC6A74258929C400B87060 /* tippyUITests.swift */; };
		70EC6A8525896D1300B87060 /* SettingsViewController.swift in Sources */ = {isa = PBXBuildFile; fileRef = 70EC6A8425896D1300B87060 /* SettingsViewController.swift */; };
/* End PBXBuildFile section */

/* Begin PBXContainerItemProxy section */
		70EC6A66258929C400B87060 /* PBXContainerItemProxy */ = {
			isa = PBXContainerItemProxy;
			containerPortal = 70EC6A49258929C300B87060 /* Project object */;
			proxyType = 1;
			remoteGlobalIDString = 70EC6A50258929C300B87060;
			remoteInfo = tippy;
		};
		70EC6A71258929C400B87060 /* PBXContainerItemProxy */ = {
			isa = PBXContainerItemProxy;
			containerPortal = 70EC6A49258929C300B87060 /* Project object */;
			proxyType = 1;
			remoteGlobalIDString = 70EC6A50258929C300B87060;
			remoteInfo = tippy;
		};
/* End PBXContainerItemProxy section */

/* Begin PBXFileReference section */
		70EC6A51258929C300B87060 /* tippy.app */ = {isa = PBXFileReference; explicitFileType = wrapper.application; includeInIndex = 0; path = tippy.app; sourceTree = BUILT_PRODUCTS_DIR; };
		70EC6A54258929C300B87060 /* AppDelegate.swift */ = {isa = PBXFileReference; lastKnownFileType = sourcecode.swift; path = AppDelegate.swift; sourceTree = "<group>"; };
		70EC6A56258929C300B87060 /* ViewController.swift */ = {isa = PBXFileReference; lastKnownFileType = sourcecode.swift; path = ViewController.swift; sourceTree = "<group>"; };
		70EC6A59258929C300B87060 /* Base */ = {isa = PBXFileReference; lastKnownFileType = file.storyboard; name = Base; path = Base.lproj/Main.storyboard; sourceTree = "<group>"; };
		70EC6A5B258929C400B87060 /* Assets.xcassets */ = {isa = PBXFileReference; lastKnownFileType = folder.assetcatalog; path = Assets.xcassets; sourceTree = "<group>"; };
		70EC6A5E258929C400B87060 /* Base */ = {isa = PBXFileReference; lastKnownFileType = file.storyboard; name = Base; path = Base.lproj/LaunchScreen.storyboard; sourceTree = "<group>"; };
		70EC6A60258929C400B87060 /* Info.plist */ = {isa = PBXFileReference; lastKnownFileType = text.plist.xml; path = Info.plist; sourceTree = "<group>"; };
		70EC6A65258929C400B87060 /* tippyTests.xctest */ = {isa = PBXFileReference; explicitFileType = wrapper.cfbundle; includeInIndex = 0; path = tippyTests.xctest; sourceTree = BUILT_PRODUCTS_DIR; };
		70EC6A69258929C400B87060 /* tippyTests.swift */ = {isa = PBXFileReference; lastKnownFileType = sourcecode.swift; path = tippyTests.swift; sourceTree = "<group>"; };
		70EC6A6B258929C400B87060 /* Info.plist */ = {isa = PBXFileReference; lastKnownFileType = text.plist.xml; path = Info.plist; sourceTree = "<group>"; };
		70EC6A70258929C400B87060 /* tippyUITests.xctest */ = {isa = PBXFileReference; explicitFileType = wrapper.cfbundle; includeInIndex = 0; path = tippyUITests.xctest; sourceTree = BUILT_PRODUCTS_DIR; };
		70EC6A74258929C400B87060 /* tippyUITests.swift */ = {isa = PBXFileReference; lastKnownFileType = sourcecode.swift; path = tippyUITests.swift; sourceTree = "<group>"; };
		70EC6A76258929C400B87060 /* Info.plist */ = {isa = PBXFileReference; lastKnownFileType = text.plist.xml; path = Info.plist; sourceTree = "<group>"; };
		70EC6A8425896D1300B87060 /* SettingsViewController.swift */ = {isa = PBXFileReference; lastKnownFileType = sourcecode.swift; name = SettingsViewController.swift; path = tippy/SettingsViewController.swift; sourceTree = "<group>"; };
/* End PBXFileReference section */

/* Begin PBXFrameworksBuildPhase section */
		70EC6A4E258929C300B87060 /* Frameworks */ = {
			isa = PBXFrameworksBuildPhase;
			buildActionMask = 2147483647;
			files = (
			);
			runOnlyForDeploymentPostprocessing = 0;
		};
		70EC6A62258929C400B87060 /* Frameworks */ = {
			isa = PBXFrameworksBuildPhase;
			buildActionMask = 2147483647;
			files = (
			);
			runOnlyForDeploymentPostprocessing = 0;
		};
		70EC6A6D258929C400B87060 /* Frameworks */ = {
			isa = PBXFrameworksBuildPhase;
			buildActionMask = 2147483647;
			files = (
			);
			runOnlyForDeploymentPostprocessing = 0;
		};
/* End PBXFrameworksBuildPhase section */

/* Begin PBXGroup section */
		70EC6A48258929C300B87060 = {
			isa = PBXGroup;
			children = (
				70EC6A8425896D1300B87060 /* SettingsViewController.swift */,
				70EC6A53258929C300B87060 /* tippy */,
				70EC6A68258929C400B87060 /* tippyTests */,
				70EC6A73258929C400B87060 /* tippyUITests */,
				70EC6A52258929C300B87060 /* Products */,
			);
			sourceTree = "<group>";
		};
		70EC6A52258929C300B87060 /* Products */ = {
			isa = PBXGroup;
			children = (
				70EC6A51258929C300B87060 /* tippy.app */,
				70EC6A65258929C400B87060 /* tippyTests.xctest */,
				70EC6A70258929C400B87060 /* tippyUITests.xctest */,
			);
			name = Products;
			sourceTree = "<group>";
		};
		70EC6A53258929C300B87060 /* tippy */ = {
			isa = PBXGroup;
			children = (
				70EC6A54258929C300B87060 /* AppDelegate.swift */,
				70EC6A56258929C300B87060 /* ViewController.swift */,
				70EC6A58258929C300B87060 /* Main.storyboard */,
				70EC6A5B258929C400B87060 /* Assets.xcassets */,
				70EC6A5D258929C400B87060 /* LaunchScreen.storyboard */,
				70EC6A60258929C400B87060 /* Info.plist */,
			);
			path = tippy;
			sourceTree = "<group>";
		};
		70EC6A68258929C400B87060 /* tippyTests */ = {
			isa = PBXGroup;
			children = (
				70EC6A69258929C400B87060 /* tippyTests.swift */,
				70EC6A6B258929C400B87060 /* Info.plist */,
			);
			path = tippyTests;
			sourceTree = "<group>";
		};
		70EC6A73258929C400B87060 /* tippyUITests */ = {
			isa = PBXGroup;
			children = (
				70EC6A74258929C400B87060 /* tippyUITests.swift */,
				70EC6A76258929C400B87060 /* Info.plist */,
			);
			path = tippyUITests;
			sourceTree = "<group>";
		};
/* End PBXGroup section */

/* Begin PBXNativeTarget section */
		70EC6A50258929C300B87060 /* tippy */ = {
			isa = PBXNativeTarget;
			buildConfigurationList = 70EC6A79258929C400B87060 /* Build configuration list for PBXNativeTarget "tippy" */;
			buildPhases = (
				70EC6A4D258929C300B87060 /* Sources */,
				70EC6A4E258929C300B87060 /* Frameworks */,
				70EC6A4F258929C300B87060 /* Resources */,
			);
			buildRules = (
			);
			dependencies = (
			);
			name = tippy;
			productName = tippy;
			productReference = 70EC6A51258929C300B87060 /* tippy.app */;
			productType = "com.apple.product-type.application";
		};
		70EC6A64258929C400B87060 /* tippyTests */ = {
			isa = PBXNativeTarget;
			buildConfigurationList = 70EC6A7C258929C400B87060 /* Build configuration list for PBXNativeTarget "tippyTests" */;
			buildPhases = (
				70EC6A61258929C400B87060 /* Sources */,
				70EC6A62258929C400B87060 /* Frameworks */,
				70EC6A63258929C400B87060 /* Resources */,
			);
			buildRules = (
			);
			dependencies = (
				70EC6A67258929C400B87060 /* PBXTargetDependency */,
			);
			name = tippyTests;
			productName = tippyTests;
			productReference = 70EC6A65258929C400B87060 /* tippyTests.xctest */;
			productType = "com.apple.product-type.bundle.unit-test";
		};
		70EC6A6F258929C400B87060 /* tippyUITests */ = {
			isa = PBXNativeTarget;
			buildConfigurationList = 70EC6A7F258929C400B87060 /* Build configuration list for PBXNativeTarget "tippyUITests" */;
			buildPhases = (
				70EC6A6C258929C400B87060 /* Sources */,
				70EC6A6D258929C400B87060 /* Frameworks */,
				70EC6A6E258929C400B87060 /* Resources */,
			);
			buildRules = (
			);
			dependencies = (
				70EC6A72258929C400B87060 /* PBXTargetDependency */,
			);
			name = tippyUITests;
			productName = tippyUITests;
			productReference = 70EC6A70258929C400B87060 /* tippyUITests.xctest */;
			productType = "com.apple.product-type.bundle.ui-testing";
		};
/* End PBXNativeTarget section */

/* Begin PBXProject section */
		70EC6A49258929C300B87060 /* Project object */ = {
			isa = PBXProject;
			attributes = {
				LastSwiftUpdateCheck = 1010;
				LastUpgradeCheck = 1010;
				ORGANIZATIONNAME = codepath;
				TargetAttributes = {
					70EC6A50258929C300B87060 = {
						CreatedOnToolsVersion = 10.1;
					};
					70EC6A64258929C400B87060 = {
						CreatedOnToolsVersion = 10.1;
						TestTargetID = 70EC6A50258929C300B87060;
					};
					70EC6A6F258929C400B87060 = {
						CreatedOnToolsVersion = 10.1;
						TestTargetID = 70EC6A50258929C300B87060;
					};
				};
			};
			buildConfigurationList = 70EC6A4C258929C300B87060 /* Build configuration list for PBXProject "tippy" */;
			compatibilityVersion = "Xcode 9.3";
			developmentRegion = en;
			hasScannedForEncodings = 0;
			knownRegions = (
				en,
				Base,
			);
			mainGroup = 70EC6A48258929C300B87060;
			productRefGroup = 70EC6A52258929C300B87060 /* Products */;
			projectDirPath = "";
			projectRoot = "";
			targets = (
				70EC6A50258929C300B87060 /* tippy */,
				70EC6A64258929C400B87060 /* tippyTests */,
				70EC6A6F258929C400B87060 /* tippyUITests */,
			);
		};
/* End PBXProject section */

/* Begin PBXResourcesBuildPhase section */
		70EC6A4F258929C300B87060 /* Resources */ = {
			isa = PBXResourcesBuildPhase;
			buildActionMask = 2147483647;
			files = (
				70EC6A5F258929C400B87060 /* LaunchScreen.storyboard in Resources */,
				70EC6A5C258929C400B87060 /* Assets.xcassets in Resources */,
				70EC6A5A258929C300B87060 /* Main.storyboard in Resources */,
			);
			runOnlyForDeploymentPostprocessing = 0;
		};
		70EC6A63258929C400B87060 /* Resources */ = {
			isa = PBXResourcesBuildPhase;
			buildActionMask = 2147483647;
			files = (
			);
			runOnlyForDeploymentPostprocessing = 0;
		};
		70EC6A6E258929C400B87060 /* Resources */ = {
			isa = PBXResourcesBuildPhase;
			buildActionMask = 2147483647;
			files = (
			);
			runOnlyForDeploymentPostprocessing = 0;
		};
/* End PBXResourcesBuildPhase section */

/* Begin PBXSourcesBuildPhase section */
		70EC6A4D258929C300B87060 /* Sources */ = {
			isa = PBXSourcesBuildPhase;
			buildActionMask = 2147483647;
			files = (
				70EC6A57258929C300B87060 /* ViewController.swift in Sources */,
				70EC6A55258929C300B87060 /* AppDelegate.swift in Sources */,
				70EC6A8525896D1300B87060 /* SettingsViewController.swift in Sources */,
			);
			runOnlyForDeploymentPostprocessing = 0;
		};
		70EC6A61258929C400B87060 /* Sources */ = {
			isa = PBXSourcesBuildPhase;
			buildActionMask = 2147483647;
			files = (
				70EC6A6A258929C400B87060 /* tippyTests.swift in Sources */,
			);
			runOnlyForDeploymentPostprocessing = 0;
		};
		70EC6A6C258929C400B87060 /* Sources */ = {
			isa = PBXSourcesBuildPhase;
			buildActionMask = 2147483647;
			files = (
				70EC6A75258929C400B87060 /* tippyUITests.swift in Sources */,
			);
			runOnlyForDeploymentPostprocessing = 0;
		};
/* End PBXSourcesBuildPhase section */

/* Begin PBXTargetDependency section */
		70EC6A67258929C400B87060 /* PBXTargetDependency */ = {
			isa = PBXTargetDependency;
			target = 70EC6A50258929C300B87060 /* tippy */;
			targetProxy = 70EC6A66258929C400B87060 /* PBXContainerItemProxy */;
		};
		70EC6A72258929C400B87060 /* PBXTargetDependency */ = {
			isa = PBXTargetDependency;
			target = 70EC6A50258929C300B87060 /* tippy */;
			targetProxy = 70EC6A71258929C400B87060 /* PBXContainerItemProxy */;
		};
/* End PBXTargetDependency section */

/* Begin PBXVariantGroup section */
		70EC6A58258929C300B87060 /* Main.storyboard */ = {
			isa = PBXVariantGroup;
			children = (
				70EC6A59258929C300B87060 /* Base */,
			);
			name = Main.storyboard;
			sourceTree = "<group>";
		};
		70EC6A5D258929C400B87060 /* LaunchScreen.storyboard */ = {
			isa = PBXVariantGroup;
			children = (
				70EC6A5E258929C400B87060 /* Base */,
			);
			name = LaunchScreen.storyboard;
			sourceTree = "<group>";
		};
/* End PBXVariantGroup section */

/* Begin XCBuildConfiguration section */
		70EC6A77258929C400B87060 /* Debug */ = {
			isa = XCBuildConfiguration;
			buildSettings = {
				ALWAYS_SEARCH_USER_PATHS = NO;
				CLANG_ANALYZER_NONNULL = YES;
				CLANG_ANALYZER_NUMBER_OBJECT_CONVERSION = YES_AGGRESSIVE;
				CLANG_CXX_LANGUAGE_STANDARD = "gnu++14";
				CLANG_CXX_LIBRARY = "libc++";
				CLANG_ENABLE_MODULES = YES;
				CLANG_ENABLE_OBJC_ARC = YES;
				CLANG_ENABLE_OBJC_WEAK = YES;
				CLANG_WARN_BLOCK_CAPTURE_AUTORELEASING = YES;
				CLANG_WARN_BOOL_CONVERSION = YES;
				CLANG_WARN_COMMA = YES;
				CLANG_WARN_CONSTANT_CONVERSION = YES;
				CLANG_WARN_DEPRECATED_OBJC_IMPLEMENTATIONS = YES;
				CLANG_WARN_DIRECT_OBJC_ISA_USAGE = YES_ERROR;
				CLANG_WARN_DOCUMENTATION_COMMENTS = YES;
				CLANG_WARN_EMPTY_BODY = YES;
				CLANG_WARN_ENUM_CONVERSION = YES;
				CLANG_WARN_INFINITE_RECURSION = YES;
				CLANG_WARN_INT_CONVERSION = YES;
				CLANG_WARN_NON_LITERAL_NULL_CONVERSION = YES;
				CLANG_WARN_OBJC_IMPLICIT_RETAIN_SELF = YES;
				CLANG_WARN_OBJC_LITERAL_CONVERSION = YES;
				CLANG_WARN_OBJC_ROOT_CLASS = YES_ERROR;
				CLANG_WARN_RANGE_LOOP_ANALYSIS = YES;
				CLANG_WARN_STRICT_PROTOTYPES = YES;
				CLANG_WARN_SUSPICIOUS_MOVE = YES;
				CLANG_WARN_UNGUARDED_AVAILABILITY = YES_AGGRESSIVE;
				CLANG_WARN_UNREACHABLE_CODE = YES;
				CLANG_WARN__DUPLICATE_METHOD_MATCH = YES;
				CODE_SIGN_IDENTITY = "iPhone Developer";
				COPY_PHASE_STRIP = NO;
				DEBUG_INFORMATION_FORMAT = dwarf;
				ENABLE_STRICT_OBJC_MSGSEND = YES;
				ENABLE_TESTABILITY = YES;
				GCC_C_LANGUAGE_STANDARD = gnu11;
				GCC_DYNAMIC_NO_PIC = NO;
				GCC_NO_COMMON_BLOCKS = YES;
				GCC_OPTIMIZATION_LEVEL = 0;
				GCC_PREPROCESSOR_DEFINITIONS = (
					"DEBUG=1",
					"$(inherited)",
				);
				GCC_WARN_64_TO_32_BIT_CONVERSION = YES;
				GCC_WARN_ABOUT_RETURN_TYPE = YES_ERROR;
				GCC_WARN_UNDECLARED_SELECTOR = YES;
				GCC_WARN_UNINITIALIZED_AUTOS = YES_AGGRESSIVE;
				GCC_WARN_UNUSED_FUNCTION = YES;
				GCC_WARN_UNUSED_VARIABLE = YES;
				IPHONEOS_DEPLOYMENT_TARGET = 12.1;
				MTL_ENABLE_DEBUG_INFO = INCLUDE_SOURCE;
				MTL_FAST_MATH = YES;
				ONLY_ACTIVE_ARCH = YES;
				SDKROOT = iphoneos;
				SWIFT_ACTIVE_COMPILATION_CONDITIONS = DEBUG;
				SWIFT_OPTIMIZATION_LEVEL = "-Onone";
			};
			name = Debug;
		};
		70EC6A78258929C400B87060 /* Release */ = {
			isa = XCBuildConfiguration;
			buildSettings = {
				ALWAYS_SEARCH_USER_PATHS = NO;
				CLANG_ANALYZER_NONNULL = YES;
				CLANG_ANALYZER_NUMBER_OBJECT_CONVERSION = YES_AGGRESSIVE;
				CLANG_CXX_LANGUAGE_STANDARD = "gnu++14";
				CLANG_CXX_LIBRARY = "libc++";
				CLANG_ENABLE_MODULES = YES;
				CLANG_ENABLE_OBJC_ARC = YES;
				CLANG_ENABLE_OBJC_WEAK = YES;
				CLANG_WARN_BLOCK_CAPTURE_AUTORELEASING = YES;
				CLANG_WARN_BOOL_CONVERSION = YES;
				CLANG_WARN_COMMA = YES;
				CLANG_WARN_CONSTANT_CONVERSION = YES;
				CLANG_WARN_DEPRECATED_OBJC_IMPLEMENTATIONS = YES;
				CLANG_WARN_DIRECT_OBJC_ISA_USAGE = YES_ERROR;
				CLANG_WARN_DOCUMENTATION_COMMENTS = YES;
				CLANG_WARN_EMPTY_BODY = YES;
				CLANG_WARN_ENUM_CONVERSION = YES;
				CLANG_WARN_INFINITE_RECURSION = YES;
				CLANG_WARN_INT_CONVERSION = YES;
				CLANG_WARN_NON_LITERAL_NULL_CONVERSION = YES;
				CLANG_WARN_OBJC_IMPLICIT_RETAIN_SELF = YES;
				CLANG_WARN_OBJC_LITERAL_CONVERSION = YES;
				CLANG_WARN_OBJC_ROOT_CLASS = YES_ERROR;
				CLANG_WARN_RANGE_LOOP_ANALYSIS = YES;
				CLANG_WARN_STRICT_PROTOTYPES = YES;
				CLANG_WARN_SUSPICIOUS_MOVE = YES;
				CLANG_WARN_UNGUARDED_AVAILABILITY = YES_AGGRESSIVE;
				CLANG_WARN_UNREACHABLE_CODE = YES;
				CLANG_WARN__DUPLICATE_METHOD_MATCH = YES;
				CODE_SIGN_IDENTITY = "iPhone Developer";
				COPY_PHASE_STRIP = NO;
				DEBUG_INFORMATION_FORMAT = "dwarf-with-dsym";
				ENABLE_NS_ASSERTIONS = NO;
				ENABLE_STRICT_OBJC_MSGSEND = YES;
				GCC_C_LANGUAGE_STANDARD = gnu11;
				GCC_NO_COMMON_BLOCKS = YES;
				GCC_WARN_64_TO_32_BIT_CONVERSION = YES;
				GCC_WARN_ABOUT_RETURN_TYPE = YES_ERROR;
				GCC_WARN_UNDECLARED_SELECTOR = YES;
				GCC_WARN_UNINITIALIZED_AUTOS = YES_AGGRESSIVE;
				GCC_WARN_UNUSED_FUNCTION = YES;
				GCC_WARN_UNUSED_VARIABLE = YES;
				IPHONEOS_DEPLOYMENT_TARGET = 12.1;
				MTL_ENABLE_DEBUG_INFO = NO;
				MTL_FAST_MATH = YES;
				SDKROOT = iphoneos;
				SWIFT_COMPILATION_MODE = wholemodule;
				SWIFT_OPTIMIZATION_LEVEL = "-O";
				VALIDATE_PRODUCT = YES;
			};
			name = Release;
		};
		70EC6A7A258929C400B87060 /* Debug */ = {
			isa = XCBuildConfiguration;
			buildSettings = {
				ASSETCATALOG_COMPILER_APPICON_NAME = AppIcon;
				CODE_SIGN_STYLE = Automatic;
				INFOPLIST_FILE = tippy/Info.plist;
				LD_RUNPATH_SEARCH_PATHS = (
					"$(inherited)",
					"@executable_path/Frameworks",
				);
				PRODUCT_BUNDLE_IDENTIFIER = com.codepath.tippy;
				PRODUCT_NAME = "$(TARGET_NAME)";
				SWIFT_VERSION = 4.2;
				TARGETED_DEVICE_FAMILY = "1,2";
			};
			name = Debug;
		};
		70EC6A7B258929C400B87060 /* Release */ = {
			isa = XCBuildConfiguration;
			buildSettings = {
				ASSETCATALOG_COMPILER_APPICON_NAME = AppIcon;
				CODE_SIGN_STYLE = Automatic;
				INFOPLIST_FILE = tippy/Info.plist;
				LD_RUNPATH_SEARCH_PATHS = (
					"$(inherited)",
					"@executable_path/Frameworks",
				);
				PRODUCT_BUNDLE_IDENTIFIER = com.codepath.tippy;
				PRODUCT_NAME = "$(TARGET_NAME)";
				SWIFT_VERSION = 4.2;
				TARGETED_DEVICE_FAMILY = "1,2";
			};
			name = Release;
		};
		70EC6A7D258929C400B87060 /* Debug */ = {
			isa = XCBuildConfiguration;
			buildSettings = {
				ALWAYS_EMBED_SWIFT_STANDARD_LIBRARIES = YES;
				BUNDLE_LOADER = "$(TEST_HOST)";
				CODE_SIGN_STYLE = Automatic;
				INFOPLIST_FILE = tippyTests/Info.plist;
				LD_RUNPATH_SEARCH_PATHS = (
					"$(inherited)",
					"@executable_path/Frameworks",
					"@loader_path/Frameworks",
				);
				PRODUCT_BUNDLE_IDENTIFIER = com.codepath.tippyTests;
				PRODUCT_NAME = "$(TARGET_NAME)";
				SWIFT_VERSION = 4.2;
				TARGETED_DEVICE_FAMILY = "1,2";
				TEST_HOST = "$(BUILT_PRODUCTS_DIR)/tippy.app/tippy";
			};
			name = Debug;
		};
		70EC6A7E258929C400B87060 /* Release */ = {
			isa = XCBuildConfiguration;
			buildSettings = {
				ALWAYS_EMBED_SWIFT_STANDARD_LIBRARIES = YES;
				BUNDLE_LOADER = "$(TEST_HOST)";
				CODE_SIGN_STYLE = Automatic;
				INFOPLIST_FILE = tippyTests/Info.plist;
				LD_RUNPATH_SEARCH_PATHS = (
					"$(inherited)",
					"@executable_path/Frameworks",
					"@loader_path/Frameworks",
				);
				PRODUCT_BUNDLE_IDENTIFIER = com.codepath.tippyTests;
				PRODUCT_NAME = "$(TARGET_NAME)";
				SWIFT_VERSION = 4.2;
				TARGETED_DEVICE_FAMILY = "1,2";
				TEST_HOST = "$(BUILT_PRODUCTS_DIR)/tippy.app/tippy";
			};
			name = Release;
		};
		70EC6A80258929C400B87060 /* Debug */ = {
			isa = XCBuildConfiguration;
			buildSettings = {
				ALWAYS_EMBED_SWIFT_STANDARD_LIBRARIES = YES;
				CODE_SIGN_STYLE = Automatic;
				INFOPLIST_FILE = tippyUITests/Info.plist;
				LD_RUNPATH_SEARCH_PATHS = (
					"$(inherited)",
					"@executable_path/Frameworks",
					"@loader_path/Frameworks",
				);
				PRODUCT_BUNDLE_IDENTIFIER = com.codepath.tippyUITests;
				PRODUCT_NAME = "$(TARGET_NAME)";
				SWIFT_VERSION = 4.2;
				TARGETED_DEVICE_FAMILY = "1,2";
				TEST_TARGET_NAME = tippy;
			};
			name = Debug;
		};
		70EC6A81258929C400B87060 /* Release */ = {
			isa = XCBuildConfiguration;
			buildSettings = {
				ALWAYS_EMBED_SWIFT_STANDARD_LIBRARIES = YES;
				CODE_SIGN_STYLE = Automatic;
				INFOPLIST_FILE = tippyUITests/Info.plist;
				LD_RUNPATH_SEARCH_PATHS = (
					"$(inherited)",
					"@executable_path/Frameworks",
					"@loader_path/Frameworks",
				);
				PRODUCT_BUNDLE_IDENTIFIER = com.codepath.tippyUITests;
				PRODUCT_NAME = "$(TARGET_NAME)";
				SWIFT_VERSION = 4.2;
				TARGETED_DEVICE_FAMILY = "1,2";
				TEST_TARGET_NAME = tippy;
			};
			name = Release;
		};
/* End XCBuildConfiguration section */

/* Begin XCConfigurationList section */
		70EC6A4C258929C300B87060 /* Build configuration list for PBXProject "tippy" */ = {
			isa = XCConfigurationList;
			buildConfigurations = (
				70EC6A77258929C400B87060 /* Debug */,
				70EC6A78258929C400B87060 /* Release */,
			);
			defaultConfigurationIsVisible = 0;
			defaultConfigurationName = Release;
		};
		70EC6A79258929C400B87060 /* Build configuration list for PBXNativeTarget "tippy" */ = {
			isa = XCConfigurationList;
			buildConfigurations = (
				70EC6A7A258929C400B87060 /* Debug */,
				70EC6A7B258929C400B87060 /* Release */,
			);
			defaultConfigurationIsVisible = 0;
			defaultConfigurationName = Release;
		};
		70EC6A7C258929C400B87060 /* Build configuration list for PBXNativeTarget "tippyTests" */ = {
			isa = XCConfigurationList;
			buildConfigurations = (
				70EC6A7D258929C400B87060 /* Debug */,
				70EC6A7E258929C400B87060 /* Release */,
			);
			defaultConfigurationIsVisible = 0;
			defaultConfigurationName = Release;
		};
		70EC6A7F258929C400B87060 /* Build configuration list for PBXNativeTarget "tippyUITests" */ = {
			isa = XCConfigurationList;
			buildConfigurations = (
				70EC6A80258929C400B87060 /* Debug */,
				70EC6A81258929C400B87060 /* Release */,
			);
			defaultConfigurationIsVisible = 0;
			defaultConfigurationName = Release;
		};
/* End XCConfigurationList section */
	};
	rootObject = 70EC6A49258929C300B87060 /* Project object */;
}
